
Microsoft Visual Studio Solution File, Format Version 12.00
# Visual Studio Version 17
VisualStudioVersion = 17.4.33205.214
MinimumVisualStudioVersion = 10.0.40219.1
Project("{FAE04EC0-301F-11D3-BF4B-00C04F79EFBC}") = "ödev_2sayı_arasındaki_tek_ve_çift_sayıların_toplamı", "ödev_2sayı_arasındaki_tek_ve_çift_sayıların_toplamı\ödev_2sayı_arasındaki_tek_ve_çift_sayıların_toplamı.csproj", "{C6897AFE-D411-47C2-8365-C1A120F61A1C}"
EndProject
Global
	GlobalSection(SolutionConfigurationPlatforms) = preSolution
		Debug|Any CPU = Debug|Any CPU
		Release|Any CPU = Release|Any CPU
	EndGlobalSection
	GlobalSection(ProjectConfigurationPlatforms) = postSolution
		{C6897AFE-D411-47C2-8365-C1A120F61A1C}.Debug|Any CPU.ActiveCfg = Debug|Any CPU
		{C6897AFE-D411-47C2-8365-C1A120F61A1C}.Debug|Any CPU.Build.0 = Debug|Any CPU
		{C6897AFE-D411-47C2-8365-C1A120F61A1C}.Release|Any CPU.ActiveCfg = Release|Any CPU
		{C6897AFE-D411-47C2-8365-C1A120F61A1C}.Release|Any CPU.Build.0 = Release|Any CPU
	EndGlobalSection
	GlobalSection(SolutionProperties) = preSolution
		HideSolutionNode = FALSE
	EndGlobalSection
	GlobalSection(ExtensibilityGlobals) = postSolution
		SolutionGuid = {B1165137-EA06-47A3-B72B-9C756EDF3B4E}
	EndGlobalSection
EndGlobal
